
Microsoft Visual Studio Solution File, Format Version 12.00
# Visual Studio Version 16
VisualStudioVersion = 16.0.30804.86
MinimumVisualStudioVersion = 10.0.40219.1
Project("{9A19103F-16F7-4668-BE54-9A1E7A4F7556}") = "MeetUp.Api", "MeetUp.Api\MeetUp.Api.csproj", "{C33D9726-E814-46C4-B1EA-B4D4073CF246}"
EndProject
Project("{9A19103F-16F7-4668-BE54-9A1E7A4F7556}") = "MeetUp.DataContext", "MeetUp.DataContext\MeetUp.DataContext.csproj", "{7B65F066-2671-43DB-8239-34C78105B0D7}"
EndProject
Project("{9A19103F-16F7-4668-BE54-9A1E7A4F7556}") = "MeetUp.Domains", "MeetUp.Models\MeetUp.Domains.csproj", "{6C27AFA1-F38E-418D-B13B-083E9B328881}"
EndProject
Project("{9A19103F-16F7-4668-BE54-9A1E7A4F7556}") = "MeetUp.Repo", "MeetUp.Repo\MeetUp.Repo.csproj", "{F6664AF9-7E30-44D2-9CE1-88F246163A6B}"
EndProject
Project("{9A19103F-16F7-4668-BE54-9A1E7A4F7556}") = "MeetUp.Repo.Contract", "MeetUp.Repo.Contract\MeetUp.Repo.Contract.csproj", "{C9893773-817E-4F0F-8D7C-35B37DC9F937}"
EndProject
Project("{9A19103F-16F7-4668-BE54-9A1E7A4F7556}") = "MeetUp.IoC", "MeetUp.IoC\MeetUp.IoC.csproj", "{9AC54316-E0F6-4132-BD0C-66CA37906BF0}"
EndProject
Project("{9A19103F-16F7-4668-BE54-9A1E7A4F7556}") = "Base", "Base\Base.csproj", "{7F59624D-06F1-410E-AF99-1B7E31B7721C}"
EndProject
Global
	GlobalSection(SolutionConfigurationPlatforms) = preSolution
		Debug|Any CPU = Debug|Any CPU
		Release|Any CPU = Release|Any CPU
	EndGlobalSection
	GlobalSection(ProjectConfigurationPlatforms) = postSolution
		{C33D9726-E814-46C4-B1EA-B4D4073CF246}.Debug|Any CPU.ActiveCfg = Debug|Any CPU
		{C33D9726-E814-46C4-B1EA-B4D4073CF246}.Debug|Any CPU.Build.0 = Debug|Any CPU
		{C33D9726-E814-46C4-B1EA-B4D4073CF246}.Release|Any CPU.ActiveCfg = Release|Any CPU
		{C33D9726-E814-46C4-B1EA-B4D4073CF246}.Release|Any CPU.Build.0 = Release|Any CPU
		{7B65F066-2671-43DB-8239-34C78105B0D7}.Debug|Any CPU.ActiveCfg = Debug|Any CPU
		{7B65F066-2671-43DB-8239-34C78105B0D7}.Debug|Any CPU.Build.0 = Debug|Any CPU
		{7B65F066-2671-43DB-8239-34C78105B0D7}.Release|Any CPU.ActiveCfg = Release|Any CPU
		{7B65F066-2671-43DB-8239-34C78105B0D7}.Release|Any CPU.Build.0 = Release|Any CPU
		{6C27AFA1-F38E-418D-B13B-083E9B328881}.Debug|Any CPU.ActiveCfg = Debug|Any CPU
		{6C27AFA1-F38E-418D-B13B-083E9B328881}.Debug|Any CPU.Build.0 = Debug|Any CPU
		{6C27AFA1-F38E-418D-B13B-083E9B328881}.Release|Any CPU.ActiveCfg = Release|Any CPU
		{6C27AFA1-F38E-418D-B13B-083E9B328881}.Release|Any CPU.Build.0 = Release|Any CPU
		{F6664AF9-7E30-44D2-9CE1-88F246163A6B}.Debug|Any CPU.ActiveCfg = Debug|Any CPU
		{F6664AF9-7E30-44D2-9CE1-88F246163A6B}.Debug|Any CPU.Build.0 = Debug|Any CPU
		{F6664AF9-7E30-44D2-9CE1-88F246163A6B}.Release|Any CPU.ActiveCfg = Release|Any CPU
		{F6664AF9-7E30-44D2-9CE1-88F246163A6B}.Release|Any CPU.Build.0 = Release|Any CPU
		{C9893773-817E-4F0F-8D7C-35B37DC9F937}.Debug|Any CPU.ActiveCfg = Debug|Any CPU
		{C9893773-817E-4F0F-8D7C-35B37DC9F937}.Debug|Any CPU.Build.0 = Debug|Any CPU
		{C9893773-817E-4F0F-8D7C-35B37DC9F937}.Release|Any CPU.ActiveCfg = Release|Any CPU
		{C9893773-817E-4F0F-8D7C-35B37DC9F937}.Release|Any CPU.Build.0 = Release|Any CPU
		{9AC54316-E0F6-4132-BD0C-66CA37906BF0}.Debug|Any CPU.ActiveCfg = Debug|Any CPU
		{9AC54316-E0F6-4132-BD0C-66CA37906BF0}.Debug|Any CPU.Build.0 = Debug|Any CPU
		{9AC54316-E0F6-4132-BD0C-66CA37906BF0}.Release|Any CPU.ActiveCfg = Release|Any CPU
		{9AC54316-E0F6-4132-BD0C-66CA37906BF0}.Release|Any CPU.Build.0 = Release|Any CPU
		{7F59624D-06F1-410E-AF99-1B7E31B7721C}.Debug|Any CPU.ActiveCfg = Debug|Any CPU
		{7F59624D-06F1-410E-AF99-1B7E31B7721C}.Debug|Any CPU.Build.0 = Debug|Any CPU
		{7F59624D-06F1-410E-AF99-1B7E31B7721C}.Release|Any CPU.ActiveCfg = Release|Any CPU
		{7F59624D-06F1-410E-AF99-1B7E31B7721C}.Release|Any CPU.Build.0 = Release|Any CPU
	EndGlobalSection
	GlobalSection(SolutionProperties) = preSolution
		HideSolutionNode = FALSE
	EndGlobalSection
	GlobalSection(ExtensibilityGlobals) = postSolution
		SolutionGuid = {975D66AD-641D-44C2-B036-9D0155733575}
	EndGlobalSection
EndGlobal
